{
  "name": "order-management-system",
  "version": "1.0.0",
  "lockfileVersion": 3,
  "requires": true,
  "packages": {
    "": {
      "name": "order-management-system",
      "version": "1.0.0",
      "workspaces": [
        "gateway",
        "services/*",
        "packages/*"
      ]
    },
    "gateway": {
      "version": "1.0.0",
      "license": "ISC"
    },
    "node_modules/@oms/config": {
      "resolved": "packages/config",
      "link": true
    },
    "node_modules/analytics-service": {
      "resolved": "services/analytics-service",
      "link": true
    },
    "node_modules/auth-service": {
      "resolved": "services/auth-service",
      "link": true
    },
    "node_modules/gateway": {
      "resolved": "gateway",
      "link": true
    },
    "node_modules/inventory-service": {
      "resolved": "services/inventory-service",
      "link": true
    },
    "node_modules/kafka": {
      "resolved": "packages/kafka",
      "link": true
    },
    "node_modules/logger": {
      "resolved": "packages/logger",
      "link": true
    },
    "node_modules/notification-service": {
      "resolved": "services/notification-service",
      "link": true
    },
    "node_modules/order-service": {
      "resolved": "services/order-service",
      "link": true
    },
    "node_modules/shipment-service": {
      "resolved": "services/shipment-service",
      "link": true
    },
    "node_modules/sync-service": {
      "resolved": "services/sync-service",
      "link": true
    },
    "node_modules/utils": {
      "resolved": "packages/utils",
      "link": true
    },
    "packages/config": {
      "name": "@oms/config",
      "version": "1.0.0"
    },
    "packages/kafka": {
      "version": "1.0.0",
      "license": "ISC"
    },
    "packages/logger": {
      "version": "1.0.0",
      "license": "ISC"
    },
    "packages/utils": {
      "version": "1.0.0",
      "license": "ISC"
    },
    "services/analytics-service": {
      "version": "1.0.0",
      "license": "ISC"
    },
    "services/auth-service": {
      "version": "1.0.0",
      "license": "ISC"
    },
    "services/inventory-service": {
      "version": "1.0.0",
      "license": "ISC"
    },
    "services/notification-service": {
      "version": "1.0.0",
      "license": "ISC"
    },
    "services/order-service": {
      "version": "1.0.0",
      "license": "ISC"
    },
    "services/shipment-service": {
      "version": "1.0.0",
      "license": "ISC"
    },
    "services/sync-service": {
      "version": "1.0.0",
      "license": "ISC"
    }
  }
}
